
Microsoft Visual Studio Solution File, Format Version 12.00
# Visual Studio Version 17
VisualStudioVersion = 17.5.33414.496
MinimumVisualStudioVersion = 10.0.40219.1
Project("{FAE04EC0-301F-11D3-BF4B-00C04F79EFBC}") = "StacksAndQueues", "StacksAndQueues.csproj", "{606B1E22-F511-4DAC-AB24-55E851FB43C1}"
EndProject
Global
	GlobalSection(SolutionConfigurationPlatforms) = preSolution
		Debug|Any CPU = Debug|Any CPU
		Release|Any CPU = Release|Any CPU
	EndGlobalSection
	GlobalSection(ProjectConfigurationPlatforms) = postSolution
		{606B1E22-F511-4DAC-AB24-55E851FB43C1}.Debug|Any CPU.ActiveCfg = Debug|Any CPU
		{606B1E22-F511-4DAC-AB24-55E851FB43C1}.Debug|Any CPU.Build.0 = Debug|Any CPU
		{606B1E22-F511-4DAC-AB24-55E851FB43C1}.Release|Any CPU.ActiveCfg = Release|Any CPU
		{606B1E22-F511-4DAC-AB24-55E851FB43C1}.Release|Any CPU.Build.0 = Release|Any CPU
	EndGlobalSection
	GlobalSection(SolutionProperties) = preSolution
		HideSolutionNode = FALSE
	EndGlobalSection
	GlobalSection(ExtensibilityGlobals) = postSolution
		SolutionGuid = {BAD3F9B6-7F4D-4410-B71C-ABCF1388D867}
	EndGlobalSection
EndGlobal
